
Microsoft Visual Studio Solution File, Format Version 12.00
# Visual Studio 14
VisualStudioVersion = 14.0.25420.1
MinimumVisualStudioVersion = 10.0.40219.1
Project("{2150E333-8FDC-42A3-9474-1A3956D46DE8}") = "Core", "Core", "{DC578383-0FB4-40D3-9BA5-4ADCDCC90CDE}"
EndProject
Project("{2150E333-8FDC-42A3-9474-1A3956D46DE8}") = "Web", "Web", "{A876C829-C9A8-460F-A448-A421F2AA4E81}"
EndProject
Project("{FAE04EC0-301F-11D3-BF4B-00C04F79EFBC}") = "UAS.Core.Web.WebApp", "src\Core\Web\UAS.Core.Web.WebApp\UAS.Core.Web.WebApp.csproj", "{8A229EDE-8E32-4391-B3A4-DCDC99A014BE}"
EndProject
Project("{2150E333-8FDC-42A3-9474-1A3956D46DE8}") = "Security", "Security", "{376D901D-AF62-45EB-87FE-936FE0666374}"
EndProject
Project("{2150E333-8FDC-42A3-9474-1A3956D46DE8}") = "DAL", "DAL", "{1E6A6E09-4A18-451D-BEF9-9070722AF07C}"
EndProject
Project("{2150E333-8FDC-42A3-9474-1A3956D46DE8}") = "DTO", "DTO", "{4A232CB3-7EDE-401B-A589-F91BF38BA2C9}"
EndProject
Project("{FAE04EC0-301F-11D3-BF4B-00C04F79EFBC}") = "UAS.Core.Security", "src\Core\Security\UAS.Core.Security\UAS.Core.Security.csproj", "{B5DC15AB-6D97-4AF1-9921-982DEE74DB56}"
EndProject
Project("{FAE04EC0-301F-11D3-BF4B-00C04F79EFBC}") = "UAS.Core.DAL", "src\Core\DAL\UAS.Core.DAL\UAS.Core.DAL.csproj", "{69B618C7-90F2-4BD6-8618-6CFD1B34BC6F}"
EndProject
Project("{FAE04EC0-301F-11D3-BF4B-00C04F79EFBC}") = "UAS.Core.DAL.Common", "src\Core\DAL\UAS.Core.DAL.Common\UAS.Core.DAL.Common.csproj", "{C529FBA8-89F1-4B8D-A3F1-E4D9A37F9B92}"
EndProject
Project("{2150E333-8FDC-42A3-9474-1A3956D46DE8}") = "Test", "Test", "{BD8851EE-82CB-4A06-959A-BEE1B624B370}"
EndProject
Project("{2150E333-8FDC-42A3-9474-1A3956D46DE8}") = "DAL", "DAL", "{7182EE8B-397E-41F9-B228-FDCB803FA886}"
EndProject
Project("{FAE04EC0-301F-11D3-BF4B-00C04F79EFBC}") = "UAS.Core.DALTest", "test\Core\DAL\UAS.Core.DALTest\UAS.Core.DALTest.csproj", "{0C964928-8812-41FE-8519-736B0CA1153E}"
EndProject
Project("{2150E333-8FDC-42A3-9474-1A3956D46DE8}") = "Facade", "Facade", "{352F7C22-CD99-450D-BEEB-E4A759EAABDA}"
EndProject
Project("{FAE04EC0-301F-11D3-BF4B-00C04F79EFBC}") = "UAS.Core.Facade", "src\Core\Facade\UAS.Core.Facade\UAS.Core.Facade.csproj", "{5DEC6CF7-7370-469B-AAEE-87B950EABB8A}"
EndProject
Project("{2150E333-8FDC-42A3-9474-1A3956D46DE8}") = "Session", "Session", "{D12F192A-4DD2-4B22-8932-D9FFB14B83E6}"
EndProject
Project("{FAE04EC0-301F-11D3-BF4B-00C04F79EFBC}") = "UAS.Core.Session", "src\Core\Session\UAS.Core.Session\UAS.Core.Session.csproj", "{9611AF93-E264-4366-AA99-1B7712C3148A}"
EndProject
Project("{FAE04EC0-301F-11D3-BF4B-00C04F79EFBC}") = "UAS.Core.Session.Common", "src\Core\Session\UAS.Core.Session.Common\UAS.Core.Session.Common.csproj", "{C60E458C-7F4D-4A9D-A43F-C0FAF87A6AEE}"
EndProject
Project("{2150E333-8FDC-42A3-9474-1A3956D46DE8}") = "Configuration", "Configuration", "{56643651-6647-4A99-A97D-0E3C13E3B649}"
EndProject
Project("{FAE04EC0-301F-11D3-BF4B-00C04F79EFBC}") = "UAS.Core.Configuration", "src\Core\Configuration\UAS.Core.Configuration\UAS.Core.Configuration.csproj", "{626BC2D8-40AC-4FB6-9BD4-459A75EABEB0}"
EndProject
Project("{2150E333-8FDC-42A3-9474-1A3956D46DE8}") = "Cryptography", "Cryptography", "{C0B76CB7-7F1A-4EA2-BE28-C58790BCAF39}"
EndProject
Project("{FAE04EC0-301F-11D3-BF4B-00C04F79EFBC}") = "UAS.Core.Cryptography", "src\Core\Cryptography\UAS.Core.Cryptography\UAS.Core.Cryptography.csproj", "{599456B2-1E5D-4654-92DE-EC6B57609F77}"
EndProject
Project("{2150E333-8FDC-42A3-9474-1A3956D46DE8}") = "Cryptography", "Cryptography", "{717C8A22-BF17-4CB7-B0C7-404EC4ED2BD8}"
EndProject
Project("{FAE04EC0-301F-11D3-BF4B-00C04F79EFBC}") = "UAS.Core.CryptographyTest", "test\Core\Cryptography\UAS.Core.CryptographyTest\UAS.Core.CryptographyTest.csproj", "{000A5F3F-05BA-412D-B517-28C7B44E577C}"
EndProject
Project("{2150E333-8FDC-42A3-9474-1A3956D46DE8}") = "Attendance", "Attendance", "{32F22295-4BDF-4AB6-ABD3-06D97052AF96}"
EndProject
Project("{FAE04EC0-301F-11D3-BF4B-00C04F79EFBC}") = "UAS.Core.Attendance", "src\Core\Attendance\UAS.Core.Attendance\UAS.Core.Attendance.csproj", "{D3DFC2E8-C417-4515-A577-FFEB24988296}"
EndProject
Project("{2150E333-8FDC-42A3-9474-1A3956D46DE8}") = "Security", "Security", "{D3F40391-2645-4B88-B8FD-F183F4BE95C6}"
EndProject
Project("{FAE04EC0-301F-11D3-BF4B-00C04F79EFBC}") = "UAS.Core.SecurityTest", "test\Core\Security\UAS.Core.SecurityTest\UAS.Core.SecurityTest.csproj", "{9F752625-AB83-4F00-8D0C-2BD5EFF7FFA3}"
EndProject
Project("{2150E333-8FDC-42A3-9474-1A3956D46DE8}") = "Services", "Services", "{C40AAC7E-381F-4C94-8EDE-FD824FEA0026}"
EndProject
Project("{FAE04EC0-301F-11D3-BF4B-00C04F79EFBC}") = "UAS.Core.Services.Gateway", "src\Core\Services\UAS.Core.Services.Gateway\UAS.Core.Services.Gateway.csproj", "{A4F01C7B-6058-4130-9328-98101CD363BE}"
EndProject
Project("{FAE04EC0-301F-11D3-BF4B-00C04F79EFBC}") = "UAS.Core.Security.Common", "src\Core\Security\UAS.Core.Security.Common\UAS.Core.Security.Common.csproj", "{AC710C7C-8E12-4E95-B599-E826E83B1EDE}"
EndProject
Project("{2150E333-8FDC-42A3-9474-1A3956D46DE8}") = "NonAttendance", "NonAttendance", "{EC919197-2C71-4023-8361-D5DF61C70357}"
EndProject
Project("{FAE04EC0-301F-11D3-BF4B-00C04F79EFBC}") = "UAS.Core.NonAttendance", "src\Core\NonAttendance\UAS.Core.NonAttendance\UAS.Core.NonAttendance.csproj", "{55270696-0831-42C4-A03F-F189E092138B}"
EndProject
Global
	GlobalSection(SolutionConfigurationPlatforms) = preSolution
		Debug|Any CPU = Debug|Any CPU
		Release|Any CPU = Release|Any CPU
	EndGlobalSection
	GlobalSection(ProjectConfigurationPlatforms) = postSolution
		{8A229EDE-8E32-4391-B3A4-DCDC99A014BE}.Debug|Any CPU.ActiveCfg = Debug|Any CPU
		{8A229EDE-8E32-4391-B3A4-DCDC99A014BE}.Debug|Any CPU.Build.0 = Debug|Any CPU
		{8A229EDE-8E32-4391-B3A4-DCDC99A014BE}.Release|Any CPU.ActiveCfg = Release|Any CPU
		{8A229EDE-8E32-4391-B3A4-DCDC99A014BE}.Release|Any CPU.Build.0 = Release|Any CPU
		{B5DC15AB-6D97-4AF1-9921-982DEE74DB56}.Debug|Any CPU.ActiveCfg = Debug|Any CPU
		{B5DC15AB-6D97-4AF1-9921-982DEE74DB56}.Debug|Any CPU.Build.0 = Debug|Any CPU
		{B5DC15AB-6D97-4AF1-9921-982DEE74DB56}.Release|Any CPU.ActiveCfg = Release|Any CPU
		{B5DC15AB-6D97-4AF1-9921-982DEE74DB56}.Release|Any CPU.Build.0 = Release|Any CPU
		{69B618C7-90F2-4BD6-8618-6CFD1B34BC6F}.Debug|Any CPU.ActiveCfg = Debug|Any CPU
		{69B618C7-90F2-4BD6-8618-6CFD1B34BC6F}.Debug|Any CPU.Build.0 = Debug|Any CPU
		{69B618C7-90F2-4BD6-8618-6CFD1B34BC6F}.Release|Any CPU.ActiveCfg = Release|Any CPU
		{69B618C7-90F2-4BD6-8618-6CFD1B34BC6F}.Release|Any CPU.Build.0 = Release|Any CPU
		{C529FBA8-89F1-4B8D-A3F1-E4D9A37F9B92}.Debug|Any CPU.ActiveCfg = Debug|Any CPU
		{C529FBA8-89F1-4B8D-A3F1-E4D9A37F9B92}.Debug|Any CPU.Build.0 = Debug|Any CPU
		{C529FBA8-89F1-4B8D-A3F1-E4D9A37F9B92}.Release|Any CPU.ActiveCfg = Release|Any CPU
		{C529FBA8-89F1-4B8D-A3F1-E4D9A37F9B92}.Release|Any CPU.Build.0 = Release|Any CPU
		{0C964928-8812-41FE-8519-736B0CA1153E}.Debug|Any CPU.ActiveCfg = Debug|Any CPU
		{0C964928-8812-41FE-8519-736B0CA1153E}.Debug|Any CPU.Build.0 = Debug|Any CPU
		{0C964928-8812-41FE-8519-736B0CA1153E}.Release|Any CPU.ActiveCfg = Release|Any CPU
		{0C964928-8812-41FE-8519-736B0CA1153E}.Release|Any CPU.Build.0 = Release|Any CPU
		{5DEC6CF7-7370-469B-AAEE-87B950EABB8A}.Debug|Any CPU.ActiveCfg = Debug|Any CPU
		{5DEC6CF7-7370-469B-AAEE-87B950EABB8A}.Debug|Any CPU.Build.0 = Debug|Any CPU
		{5DEC6CF7-7370-469B-AAEE-87B950EABB8A}.Release|Any CPU.ActiveCfg = Release|Any CPU
		{5DEC6CF7-7370-469B-AAEE-87B950EABB8A}.Release|Any CPU.Build.0 = Release|Any CPU
		{9611AF93-E264-4366-AA99-1B7712C3148A}.Debug|Any CPU.ActiveCfg = Debug|Any CPU
		{9611AF93-E264-4366-AA99-1B7712C3148A}.Debug|Any CPU.Build.0 = Debug|Any CPU
		{9611AF93-E264-4366-AA99-1B7712C3148A}.Release|Any CPU.ActiveCfg = Release|Any CPU
		{9611AF93-E264-4366-AA99-1B7712C3148A}.Release|Any CPU.Build.0 = Release|Any CPU
		{C60E458C-7F4D-4A9D-A43F-C0FAF87A6AEE}.Debug|Any CPU.ActiveCfg = Debug|Any CPU
		{C60E458C-7F4D-4A9D-A43F-C0FAF87A6AEE}.Debug|Any CPU.Build.0 = Debug|Any CPU
		{C60E458C-7F4D-4A9D-A43F-C0FAF87A6AEE}.Release|Any CPU.ActiveCfg = Release|Any CPU
		{C60E458C-7F4D-4A9D-A43F-C0FAF87A6AEE}.Release|Any CPU.Build.0 = Release|Any CPU
		{626BC2D8-40AC-4FB6-9BD4-459A75EABEB0}.Debug|Any CPU.ActiveCfg = Debug|Any CPU
		{626BC2D8-40AC-4FB6-9BD4-459A75EABEB0}.Debug|Any CPU.Build.0 = Debug|Any CPU
		{626BC2D8-40AC-4FB6-9BD4-459A75EABEB0}.Release|Any CPU.ActiveCfg = Release|Any CPU
		{626BC2D8-40AC-4FB6-9BD4-459A75EABEB0}.Release|Any CPU.Build.0 = Release|Any CPU
		{599456B2-1E5D-4654-92DE-EC6B57609F77}.Debug|Any CPU.ActiveCfg = Debug|Any CPU
		{599456B2-1E5D-4654-92DE-EC6B57609F77}.Debug|Any CPU.Build.0 = Debug|Any CPU
		{599456B2-1E5D-4654-92DE-EC6B57609F77}.Release|Any CPU.ActiveCfg = Release|Any CPU
		{599456B2-1E5D-4654-92DE-EC6B57609F77}.Release|Any CPU.Build.0 = Release|Any CPU
		{000A5F3F-05BA-412D-B517-28C7B44E577C}.Debug|Any CPU.ActiveCfg = Debug|Any CPU
		{000A5F3F-05BA-412D-B517-28C7B44E577C}.Debug|Any CPU.Build.0 = Debug|Any CPU
		{000A5F3F-05BA-412D-B517-28C7B44E577C}.Release|Any CPU.ActiveCfg = Release|Any CPU
		{000A5F3F-05BA-412D-B517-28C7B44E577C}.Release|Any CPU.Build.0 = Release|Any CPU
		{D3DFC2E8-C417-4515-A577-FFEB24988296}.Debug|Any CPU.ActiveCfg = Debug|Any CPU
		{D3DFC2E8-C417-4515-A577-FFEB24988296}.Debug|Any CPU.Build.0 = Debug|Any CPU
		{D3DFC2E8-C417-4515-A577-FFEB24988296}.Release|Any CPU.ActiveCfg = Release|Any CPU
		{D3DFC2E8-C417-4515-A577-FFEB24988296}.Release|Any CPU.Build.0 = Release|Any CPU
		{9F752625-AB83-4F00-8D0C-2BD5EFF7FFA3}.Debug|Any CPU.ActiveCfg = Debug|Any CPU
		{9F752625-AB83-4F00-8D0C-2BD5EFF7FFA3}.Debug|Any CPU.Build.0 = Debug|Any CPU
		{9F752625-AB83-4F00-8D0C-2BD5EFF7FFA3}.Release|Any CPU.ActiveCfg = Release|Any CPU
		{9F752625-AB83-4F00-8D0C-2BD5EFF7FFA3}.Release|Any CPU.Build.0 = Release|Any CPU
		{A4F01C7B-6058-4130-9328-98101CD363BE}.Debug|Any CPU.ActiveCfg = Debug|Any CPU
		{A4F01C7B-6058-4130-9328-98101CD363BE}.Debug|Any CPU.Build.0 = Debug|Any CPU
		{A4F01C7B-6058-4130-9328-98101CD363BE}.Release|Any CPU.ActiveCfg = Release|Any CPU
		{A4F01C7B-6058-4130-9328-98101CD363BE}.Release|Any CPU.Build.0 = Release|Any CPU
		{AC710C7C-8E12-4E95-B599-E826E83B1EDE}.Debug|Any CPU.ActiveCfg = Debug|Any CPU
		{AC710C7C-8E12-4E95-B599-E826E83B1EDE}.Debug|Any CPU.Build.0 = Debug|Any CPU
		{AC710C7C-8E12-4E95-B599-E826E83B1EDE}.Release|Any CPU.ActiveCfg = Release|Any CPU
		{AC710C7C-8E12-4E95-B599-E826E83B1EDE}.Release|Any CPU.Build.0 = Release|Any CPU
		{55270696-0831-42C4-A03F-F189E092138B}.Debug|Any CPU.ActiveCfg = Debug|Any CPU
		{55270696-0831-42C4-A03F-F189E092138B}.Debug|Any CPU.Build.0 = Debug|Any CPU
		{55270696-0831-42C4-A03F-F189E092138B}.Release|Any CPU.ActiveCfg = Release|Any CPU
		{55270696-0831-42C4-A03F-F189E092138B}.Release|Any CPU.Build.0 = Release|Any CPU
	EndGlobalSection
	GlobalSection(SolutionProperties) = preSolution
		HideSolutionNode = FALSE
	EndGlobalSection
	GlobalSection(NestedProjects) = preSolution
		{A876C829-C9A8-460F-A448-A421F2AA4E81} = {DC578383-0FB4-40D3-9BA5-4ADCDCC90CDE}
		{8A229EDE-8E32-4391-B3A4-DCDC99A014BE} = {A876C829-C9A8-460F-A448-A421F2AA4E81}
		{376D901D-AF62-45EB-87FE-936FE0666374} = {DC578383-0FB4-40D3-9BA5-4ADCDCC90CDE}
		{1E6A6E09-4A18-451D-BEF9-9070722AF07C} = {DC578383-0FB4-40D3-9BA5-4ADCDCC90CDE}
		{4A232CB3-7EDE-401B-A589-F91BF38BA2C9} = {DC578383-0FB4-40D3-9BA5-4ADCDCC90CDE}
		{B5DC15AB-6D97-4AF1-9921-982DEE74DB56} = {376D901D-AF62-45EB-87FE-936FE0666374}
		{69B618C7-90F2-4BD6-8618-6CFD1B34BC6F} = {1E6A6E09-4A18-451D-BEF9-9070722AF07C}
		{C529FBA8-89F1-4B8D-A3F1-E4D9A37F9B92} = {1E6A6E09-4A18-451D-BEF9-9070722AF07C}
		{7182EE8B-397E-41F9-B228-FDCB803FA886} = {BD8851EE-82CB-4A06-959A-BEE1B624B370}
		{0C964928-8812-41FE-8519-736B0CA1153E} = {7182EE8B-397E-41F9-B228-FDCB803FA886}
		{352F7C22-CD99-450D-BEEB-E4A759EAABDA} = {DC578383-0FB4-40D3-9BA5-4ADCDCC90CDE}
		{5DEC6CF7-7370-469B-AAEE-87B950EABB8A} = {352F7C22-CD99-450D-BEEB-E4A759EAABDA}
		{D12F192A-4DD2-4B22-8932-D9FFB14B83E6} = {DC578383-0FB4-40D3-9BA5-4ADCDCC90CDE}
		{9611AF93-E264-4366-AA99-1B7712C3148A} = {D12F192A-4DD2-4B22-8932-D9FFB14B83E6}
		{C60E458C-7F4D-4A9D-A43F-C0FAF87A6AEE} = {D12F192A-4DD2-4B22-8932-D9FFB14B83E6}
		{56643651-6647-4A99-A97D-0E3C13E3B649} = {DC578383-0FB4-40D3-9BA5-4ADCDCC90CDE}
		{626BC2D8-40AC-4FB6-9BD4-459A75EABEB0} = {56643651-6647-4A99-A97D-0E3C13E3B649}
		{C0B76CB7-7F1A-4EA2-BE28-C58790BCAF39} = {DC578383-0FB4-40D3-9BA5-4ADCDCC90CDE}
		{599456B2-1E5D-4654-92DE-EC6B57609F77} = {C0B76CB7-7F1A-4EA2-BE28-C58790BCAF39}
		{717C8A22-BF17-4CB7-B0C7-404EC4ED2BD8} = {BD8851EE-82CB-4A06-959A-BEE1B624B370}
		{000A5F3F-05BA-412D-B517-28C7B44E577C} = {717C8A22-BF17-4CB7-B0C7-404EC4ED2BD8}
		{32F22295-4BDF-4AB6-ABD3-06D97052AF96} = {DC578383-0FB4-40D3-9BA5-4ADCDCC90CDE}
		{D3DFC2E8-C417-4515-A577-FFEB24988296} = {32F22295-4BDF-4AB6-ABD3-06D97052AF96}
		{D3F40391-2645-4B88-B8FD-F183F4BE95C6} = {BD8851EE-82CB-4A06-959A-BEE1B624B370}
		{9F752625-AB83-4F00-8D0C-2BD5EFF7FFA3} = {D3F40391-2645-4B88-B8FD-F183F4BE95C6}
		{C40AAC7E-381F-4C94-8EDE-FD824FEA0026} = {DC578383-0FB4-40D3-9BA5-4ADCDCC90CDE}
		{A4F01C7B-6058-4130-9328-98101CD363BE} = {C40AAC7E-381F-4C94-8EDE-FD824FEA0026}
		{AC710C7C-8E12-4E95-B599-E826E83B1EDE} = {376D901D-AF62-45EB-87FE-936FE0666374}
		{EC919197-2C71-4023-8361-D5DF61C70357} = {DC578383-0FB4-40D3-9BA5-4ADCDCC90CDE}
		{55270696-0831-42C4-A03F-F189E092138B} = {EC919197-2C71-4023-8361-D5DF61C70357}
	EndGlobalSection
EndGlobal
